
Microsoft Visual Studio Solution File, Format Version 12.00
# Visual Studio Version 16
VisualStudioVersion = 16.0.31005.135
MinimumVisualStudioVersion = 10.0.40219.1
Project("{FAE04EC0-301F-11D3-BF4B-00C04F79EFBC}") = "ConsoleApp28", "ConsoleApp28\ConsoleApp28.csproj", "{99FE6437-0CF8-4505-8895-113110DD7CF5}"
EndProject
Global
	GlobalSection(SolutionConfigurationPlatforms) = preSolution
		Debug|Any CPU = Debug|Any CPU
		Release|Any CPU = Release|Any CPU
	EndGlobalSection
	GlobalSection(ProjectConfigurationPlatforms) = postSolution
		{99FE6437-0CF8-4505-8895-113110DD7CF5}.Debug|Any CPU.ActiveCfg = Debug|Any CPU
		{99FE6437-0CF8-4505-8895-113110DD7CF5}.Debug|Any CPU.Build.0 = Debug|Any CPU
		{99FE6437-0CF8-4505-8895-113110DD7CF5}.Release|Any CPU.ActiveCfg = Release|Any CPU
		{99FE6437-0CF8-4505-8895-113110DD7CF5}.Release|Any CPU.Build.0 = Release|Any CPU
	EndGlobalSection
	GlobalSection(SolutionProperties) = preSolution
		HideSolutionNode = FALSE
	EndGlobalSection
	GlobalSection(ExtensibilityGlobals) = postSolution
		SolutionGuid = {65E391A8-B3AB-4876-B7BA-670071505E22}
	EndGlobalSection
EndGlobal
